// !$*UTF8*$!
{
	archiveVersion = 1;
	classes = {
	};
	objectVersion = 48;
	objects = {

/* Begin PBXBuildFile section */
		0745F1C1D037048C30DD7A60 /* Pods_ALaDinnOfSwift.framework in Frameworks */ = {isa = PBXBuildFile; fileRef = 5B82AE998C967C4116B0DF0D /* Pods_ALaDinnOfSwift.framework */; };
		188AADB020DCD0B3006FDCCA /* AppDelegate.swift in Sources */ = {isa = PBXBuildFile; fileRef = 188AADAF20DCD0B3006FDCCA /* AppDelegate.swift */; };
		188AADB220DCD0B3006FDCCA /* ViewController.swift in Sources */ = {isa = PBXBuildFile; fileRef = 188AADB120DCD0B3006FDCCA /* ViewController.swift */; };
		188AADB520DCD0B3006FDCCA /* Main.storyboard in Resources */ = {isa = PBXBuildFile; fileRef = 188AADB320DCD0B3006FDCCA /* Main.storyboard */; };
		188AADB720DCD0B3006FDCCA /* Assets.xcassets in Resources */ = {isa = PBXBuildFile; fileRef = 188AADB620DCD0B3006FDCCA /* Assets.xcassets */; };
		188AADBA20DCD0B3006FDCCA /* LaunchScreen.storyboard in Resources */ = {isa = PBXBuildFile; fileRef = 188AADB820DCD0B3006FDCCA /* LaunchScreen.storyboard */; };
		188AADC520DCD0B3006FDCCA /* ALaDinnOfSwiftTests.swift in Sources */ = {isa = PBXBuildFile; fileRef = 188AADC420DCD0B3006FDCCA /* ALaDinnOfSwiftTests.swift */; };
		188AADD020DCD0B3006FDCCA /* ALaDinnOfSwiftUITests.swift in Sources */ = {isa = PBXBuildFile; fileRef = 188AADCF20DCD0B3006FDCCA /* ALaDinnOfSwiftUITests.swift */; };
		188AADDD20DCD1F9006FDCCA /* Alamofire.framework in Frameworks */ = {isa = PBXBuildFile; fileRef = 188AADE620DCD1F9006FDCCA /* Alamofire.framework */; };
		188AADDF20DCD1F9006FDCCA /* HandyJSON.framework in Frameworks */ = {isa = PBXBuildFile; fileRef = 188AADE820DCD1F9006FDCCA /* HandyJSON.framework */; };
		188AADE020DCD1F9006FDCCA /* Kingfisher.framework in Frameworks */ = {isa = PBXBuildFile; fileRef = 188AADE920DCD1F9006FDCCA /* Kingfisher.framework */; };
		188AADE120DCD1F9006FDCCA /* Moya.framework in Frameworks */ = {isa = PBXBuildFile; fileRef = 188AADEA20DCD1F9006FDCCA /* Moya.framework */; };
		188AADE220DCD1F9006FDCCA /* Result.framework in Frameworks */ = {isa = PBXBuildFile; fileRef = 188AADEB20DCD1F9006FDCCA /* Result.framework */; };
		188AADE320DCD1F9006FDCCA /* SnapKit.framework in Frameworks */ = {isa = PBXBuildFile; fileRef = 188AADEC20DCD1F9006FDCCA /* SnapKit.framework */; };
		188AADE420DCD1F9006FDCCA /* SwiftyJSON.framework in Frameworks */ = {isa = PBXBuildFile; fileRef = 188AADED20DCD1F9006FDCCA /* SwiftyJSON.framework */; };
		188AADE520DCD1F9006FDCCA /* Then.framework in Frameworks */ = {isa = PBXBuildFile; fileRef = 188AADEE20DCD1F9006FDCCA /* Then.framework */; };
		188AADF020DCD388006FDCCA /* TabbarConfiger.swift in Sources */ = {isa = PBXBuildFile; fileRef = 188AADEF20DCD388006FDCCA /* TabbarConfiger.swift */; };
		188AADF220DCD452006FDCCA /* ExampleNavigationController.swift in Sources */ = {isa = PBXBuildFile; fileRef = 188AADF120DCD452006FDCCA /* ExampleNavigationController.swift */; };
		188AADF420DCD46C006FDCCA /* ExampleViewController.swift in Sources */ = {isa = PBXBuildFile; fileRef = 188AADF320DCD46C006FDCCA /* ExampleViewController.swift */; };
		188AAE0020DCD596006FDCCA /* Localizable.strings in Resources */ = {isa = PBXBuildFile; fileRef = 188AADF720DCD596006FDCCA /* Localizable.strings */; };
		188AAE0120DCD596006FDCCA /* ESTabBarItemMoreContentView.swift in Sources */ = {isa = PBXBuildFile; fileRef = 188AADF920DCD596006FDCCA /* ESTabBarItemMoreContentView.swift */; };
		188AAE0220DCD596006FDCCA /* ESTabBarController.swift in Sources */ = {isa = PBXBuildFile; fileRef = 188AADFA20DCD596006FDCCA /* ESTabBarController.swift */; };
		188AAE0320DCD596006FDCCA /* ESTabBarItemContentView.swift in Sources */ = {isa = PBXBuildFile; fileRef = 188AADFB20DCD596006FDCCA /* ESTabBarItemContentView.swift */; };
		188AAE0420DCD596006FDCCA /* ESTabBarItem.swift in Sources */ = {isa = PBXBuildFile; fileRef = 188AADFC20DCD596006FDCCA /* ESTabBarItem.swift */; };
		188AAE0520DCD596006FDCCA /* ESTabBarItemBadgeView.swift in Sources */ = {isa = PBXBuildFile; fileRef = 188AADFD20DCD596006FDCCA /* ESTabBarItemBadgeView.swift */; };
		188AAE0620DCD596006FDCCA /* ESTabBar.swift in Sources */ = {isa = PBXBuildFile; fileRef = 188AADFE20DCD596006FDCCA /* ESTabBar.swift */; };
		188AAE0720DCD596006FDCCA /* ESTabBarItemContainer.swift in Sources */ = {isa = PBXBuildFile; fileRef = 188AADFF20DCD596006FDCCA /* ESTabBarItemContainer.swift */; };
		188AAE0920DCD60E006FDCCA /* ExampleBasicContentView.swift in Sources */ = {isa = PBXBuildFile; fileRef = 188AAE0820DCD60E006FDCCA /* ExampleBasicContentView.swift */; };
/* End PBXBuildFile section */

/* Begin PBXContainerItemProxy section */
		188AADC120DCD0B3006FDCCA /* PBXContainerItemProxy */ = {
			isa = PBXContainerItemProxy;
			containerPortal = 188AADA420DCD0B3006FDCCA /* Project object */;
			proxyType = 1;
			remoteGlobalIDString = 188AADAB20DCD0B3006FDCCA;
			remoteInfo = ALaDinnOfSwift;
		};
		188AADCC20DCD0B3006FDCCA /* PBXContainerItemProxy */ = {
			isa = PBXContainerItemProxy;
			containerPortal = 188AADA420DCD0B3006FDCCA /* Project object */;
			proxyType = 1;
			remoteGlobalIDString = 188AADAB20DCD0B3006FDCCA;
			remoteInfo = ALaDinnOfSwift;
		};
/* End PBXContainerItemProxy section */

/* Begin PBXFileReference section */
		188AADAC20DCD0B3006FDCCA /* ALaDinnOfSwift.app */ = {isa = PBXFileReference; explicitFileType = wrapper.application; includeInIndex = 0; path = ALaDinnOfSwift.app; sourceTree = BUILT_PRODUCTS_DIR; };
		188AADAF20DCD0B3006FDCCA /* AppDelegate.swift */ = {isa = PBXFileReference; lastKnownFileType = sourcecode.swift; path = AppDelegate.swift; sourceTree = "<group>"; };
		188AADB120DCD0B3006FDCCA /* ViewController.swift */ = {isa = PBXFileReference; lastKnownFileType = sourcecode.swift; path = ViewController.swift; sourceTree = "<group>"; };
		188AADB420DCD0B3006FDCCA /* Base */ = {isa = PBXFileReference; lastKnownFileType = file.storyboard; name = Base; path = Base.lproj/Main.storyboard; sourceTree = "<group>"; };
		188AADB620DCD0B3006FDCCA /* Assets.xcassets */ = {isa = PBXFileReference; lastKnownFileType = folder.assetcatalog; path = Assets.xcassets; sourceTree = "<group>"; };
		188AADB920DCD0B3006FDCCA /* Base */ = {isa = PBXFileReference; lastKnownFileType = file.storyboard; name = Base; path = Base.lproj/LaunchScreen.storyboard; sourceTree = "<group>"; };
		188AADBB20DCD0B3006FDCCA /* Info.plist */ = {isa = PBXFileReference; lastKnownFileType = text.plist.xml; path = Info.plist; sourceTree = "<group>"; };
		188AADC020DCD0B3006FDCCA /* ALaDinnOfSwiftTests.xctest */ = {isa = PBXFileReference; explicitFileType = wrapper.cfbundle; includeInIndex = 0; path = ALaDinnOfSwiftTests.xctest; sourceTree = BUILT_PRODUCTS_DIR; };
		188AADC420DCD0B3006FDCCA /* ALaDinnOfSwiftTests.swift */ = {isa = PBXFileReference; lastKnownFileType = sourcecode.swift; path = ALaDinnOfSwiftTests.swift; sourceTree = "<group>"; };
		188AADC620DCD0B3006FDCCA /* Info.plist */ = {isa = PBXFileReference; lastKnownFileType = text.plist.xml; path = Info.plist; sourceTree = "<group>"; };
		188AADCB20DCD0B3006FDCCA /* ALaDinnOfSwiftUITests.xctest */ = {isa = PBXFileReference; explicitFileType = wrapper.cfbundle; includeInIndex = 0; path = ALaDinnOfSwiftUITests.xctest; sourceTree = BUILT_PRODUCTS_DIR; };
		188AADCF20DCD0B3006FDCCA /* ALaDinnOfSwiftUITests.swift */ = {isa = PBXFileReference; lastKnownFileType = sourcecode.swift; path = ALaDinnOfSwiftUITests.swift; sourceTree = "<group>"; };
		188AADD120DCD0B3006FDCCA /* Info.plist */ = {isa = PBXFileReference; lastKnownFileType = text.plist.xml; path = Info.plist; sourceTree = "<group>"; };
		188AADE620DCD1F9006FDCCA /* Alamofire.framework */ = {isa = PBXFileReference; explicitFileType = wrapper.framework; path = Alamofire.framework; sourceTree = BUILT_PRODUCTS_DIR; };
		188AADE720DCD1F9006FDCCA /* ESTabBarController.framework */ = {isa = PBXFileReference; explicitFileType = wrapper.framework; path = ESTabBarController.framework; sourceTree = BUILT_PRODUCTS_DIR; };
		188AADE820DCD1F9006FDCCA /* HandyJSON.framework */ = {isa = PBXFileReference; explicitFileType = wrapper.framework; path = HandyJSON.framework; sourceTree = BUILT_PRODUCTS_DIR; };
		188AADE920DCD1F9006FDCCA /* Kingfisher.framework */ = {isa = PBXFileReference; explicitFileType = wrapper.framework; path = Kingfisher.framework; sourceTree = BUILT_PRODUCTS_DIR; };
		188AADEA20DCD1F9006FDCCA /* Moya.framework */ = {isa = PBXFileReference; explicitFileType = wrapper.framework; path = Moya.framework; sourceTree = BUILT_PRODUCTS_DIR; };
		188AADEB20DCD1F9006FDCCA /* Result.framework */ = {isa = PBXFileReference; explicitFileType = wrapper.framework; path = Result.framework; sourceTree = BUILT_PRODUCTS_DIR; };
		188AADEC20DCD1F9006FDCCA /* SnapKit.framework */ = {isa = PBXFileReference; explicitFileType = wrapper.framework; path = SnapKit.framework; sourceTree = BUILT_PRODUCTS_DIR; };
		188AADED20DCD1F9006FDCCA /* SwiftyJSON.framework */ = {isa = PBXFileReference; explicitFileType = wrapper.framework; path = SwiftyJSON.framework; sourceTree = BUILT_PRODUCTS_DIR; };
		188AADEE20DCD1F9006FDCCA /* Then.framework */ = {isa = PBXFileReference; explicitFileType = wrapper.framework; path = Then.framework; sourceTree = BUILT_PRODUCTS_DIR; };
		188AADEF20DCD388006FDCCA /* TabbarConfiger.swift */ = {isa = PBXFileReference; lastKnownFileType = sourcecode.swift; path = TabbarConfiger.swift; sourceTree = "<group>"; };
		188AADF120DCD452006FDCCA /* ExampleNavigationController.swift */ = {isa = PBXFileReference; fileEncoding = 4; lastKnownFileType = sourcecode.swift; path = ExampleNavigationController.swift; sourceTree = "<group>"; };
		188AADF320DCD46C006FDCCA /* ExampleViewController.swift */ = {isa = PBXFileReference; lastKnownFileType = sourcecode.swift; path = ExampleViewController.swift; sourceTree = "<group>"; };
		188AADF820DCD596006FDCCA /* en */ = {isa = PBXFileReference; lastKnownFileType = text.plist.strings; name = en; path = en.lproj/Localizable.strings; sourceTree = "<group>"; };
		188AADF920DCD596006FDCCA /* ESTabBarItemMoreContentView.swift */ = {isa = PBXFileReference; fileEncoding = 4; lastKnownFileType = sourcecode.swift; path = ESTabBarItemMoreContentView.swift; sourceTree = "<group>"; };
		188AADFA20DCD596006FDCCA /* ESTabBarController.swift */ = {isa = PBXFileReference; fileEncoding = 4; lastKnownFileType = sourcecode.swift; path = ESTabBarController.swift; sourceTree = "<group>"; };
		188AADFB20DCD596006FDCCA /* ESTabBarItemContentView.swift */ = {isa = PBXFileReference; fileEncoding = 4; lastKnownFileType = sourcecode.swift; path = ESTabBarItemContentView.swift; sourceTree = "<group>"; };
		188AADFC20DCD596006FDCCA /* ESTabBarItem.swift */ = {isa = PBXFileReference; fileEncoding = 4; lastKnownFileType = sourcecode.swift; path = ESTabBarItem.swift; sourceTree = "<group>"; };
		188AADFD20DCD596006FDCCA /* ESTabBarItemBadgeView.swift */ = {isa = PBXFileReference; fileEncoding = 4; lastKnownFileType = sourcecode.swift; path = ESTabBarItemBadgeView.swift; sourceTree = "<group>"; };
		188AADFE20DCD596006FDCCA /* ESTabBar.swift */ = {isa = PBXFileReference; fileEncoding = 4; lastKnownFileType = sourcecode.swift; path = ESTabBar.swift; sourceTree = "<group>"; };
		188AADFF20DCD596006FDCCA /* ESTabBarItemContainer.swift */ = {isa = PBXFileReference; fileEncoding = 4; lastKnownFileType = sourcecode.swift; path = ESTabBarItemContainer.swift; sourceTree = "<group>"; };
		188AAE0820DCD60E006FDCCA /* ExampleBasicContentView.swift */ = {isa = PBXFileReference; fileEncoding = 4; lastKnownFileType = sourcecode.swift; path = ExampleBasicContentView.swift; sourceTree = "<group>"; };
		4582230832F34EC8A45C5805 /* Pods-ALaDinnOfSwift.release.xcconfig */ = {isa = PBXFileReference; includeInIndex = 1; lastKnownFileType = text.xcconfig; name = "Pods-ALaDinnOfSwift.release.xcconfig"; path = "Pods/Target Support Files/Pods-ALaDinnOfSwift/Pods-ALaDinnOfSwift.release.xcconfig"; sourceTree = "<group>"; };
		5B82AE998C967C4116B0DF0D /* Pods_ALaDinnOfSwift.framework */ = {isa = PBXFileReference; explicitFileType = wrapper.framework; includeInIndex = 0; path = Pods_ALaDinnOfSwift.framework; sourceTree = BUILT_PRODUCTS_DIR; };
		A3540343DCBB6A396E95EF48 /* Pods-ALaDinnOfSwift.debug.xcconfig */ = {isa = PBXFileReference; includeInIndex = 1; lastKnownFileType = text.xcconfig; name = "Pods-ALaDinnOfSwift.debug.xcconfig"; path = "Pods/Target Support Files/Pods-ALaDinnOfSwift/Pods-ALaDinnOfSwift.debug.xcconfig"; sourceTree = "<group>"; };
/* End PBXFileReference section */

/* Begin PBXFrameworksBuildPhase section */
		188AADA920DCD0B3006FDCCA /* Frameworks */ = {
			isa = PBXFrameworksBuildPhase;
			buildActionMask = 2147483647;
			files = (
				188AADDD20DCD1F9006FDCCA /* Alamofire.framework in Frameworks */,
				188AADDF20DCD1F9006FDCCA /* HandyJSON.framework in Frameworks */,
				188AADE020DCD1F9006FDCCA /* Kingfisher.framework in Frameworks */,
				188AADE120DCD1F9006FDCCA /* Moya.framework in Frameworks */,
				188AADE220DCD1F9006FDCCA /* Result.framework in Frameworks */,
				188AADE320DCD1F9006FDCCA /* SnapKit.framework in Frameworks */,
				188AADE420DCD1F9006FDCCA /* SwiftyJSON.framework in Frameworks */,
				188AADE520DCD1F9006FDCCA /* Then.framework in Frameworks */,
				0745F1C1D037048C30DD7A60 /* Pods_ALaDinnOfSwift.framework in Frameworks */,
			);
			runOnlyForDeploymentPostprocessing = 0;
		};
		188AADBD20DCD0B3006FDCCA /* Frameworks */ = {
			isa = PBXFrameworksBuildPhase;
			buildActionMask = 2147483647;
			files = (
			);
			runOnlyForDeploymentPostprocessing = 0;
		};
		188AADC820DCD0B3006FDCCA /* Frameworks */ = {
			isa = PBXFrameworksBuildPhase;
			buildActionMask = 2147483647;
			files = (
			);
			runOnlyForDeploymentPostprocessing = 0;
		};
/* End PBXFrameworksBuildPhase section */

/* Begin PBXGroup section */
		188AADA320DCD0B3006FDCCA = {
			isa = PBXGroup;
			children = (
				188AADAE20DCD0B3006FDCCA /* ALaDinnOfSwift */,
				188AADC320DCD0B3006FDCCA /* ALaDinnOfSwiftTests */,
				188AADCE20DCD0B3006FDCCA /* ALaDinnOfSwiftUITests */,
				188AADAD20DCD0B3006FDCCA /* Products */,
				B3290DE2E34A19AA699C7372 /* Pods */,
				A5C7C2F7424176395B905B2D /* Frameworks */,
			);
			sourceTree = "<group>";
		};
		188AADAD20DCD0B3006FDCCA /* Products */ = {
			isa = PBXGroup;
			children = (
				188AADAC20DCD0B3006FDCCA /* ALaDinnOfSwift.app */,
				188AADC020DCD0B3006FDCCA /* ALaDinnOfSwiftTests.xctest */,
				188AADCB20DCD0B3006FDCCA /* ALaDinnOfSwiftUITests.xctest */,
			);
			name = Products;
			sourceTree = "<group>";
		};
		188AADAE20DCD0B3006FDCCA /* ALaDinnOfSwift */ = {
			isa = PBXGroup;
			children = (
				188AADF520DCD581006FDCCA /* ThirdPath */,
				188AADAF20DCD0B3006FDCCA /* AppDelegate.swift */,
				188AADB120DCD0B3006FDCCA /* ViewController.swift */,
				188AADEF20DCD388006FDCCA /* TabbarConfiger.swift */,
				188AAE0820DCD60E006FDCCA /* ExampleBasicContentView.swift */,
				188AADF320DCD46C006FDCCA /* ExampleViewController.swift */,
				188AADF120DCD452006FDCCA /* ExampleNavigationController.swift */,
				188AADB320DCD0B3006FDCCA /* Main.storyboard */,
				188AADB620DCD0B3006FDCCA /* Assets.xcassets */,
				188AADB820DCD0B3006FDCCA /* LaunchScreen.storyboard */,
				188AADBB20DCD0B3006FDCCA /* Info.plist */,
			);
			path = ALaDinnOfSwift;
			sourceTree = "<group>";
		};
		188AADC320DCD0B3006FDCCA /* ALaDinnOfSwiftTests */ = {
			isa = PBXGroup;
			children = (
				188AADC420DCD0B3006FDCCA /* ALaDinnOfSwiftTests.swift */,
				188AADC620DCD0B3006FDCCA /* Info.plist */,
			);
			path = ALaDinnOfSwiftTests;
			sourceTree = "<group>";
		};
		188AADCE20DCD0B3006FDCCA /* ALaDinnOfSwiftUITests */ = {
			isa = PBXGroup;
			children = (
				188AADCF20DCD0B3006FDCCA /* ALaDinnOfSwiftUITests.swift */,
				188AADD120DCD0B3006FDCCA /* Info.plist */,
			);
			path = ALaDinnOfSwiftUITests;
			sourceTree = "<group>";
		};
		188AADF520DCD581006FDCCA /* ThirdPath */ = {
			isa = PBXGroup;
			children = (
				188AADF620DCD596006FDCCA /* ESTabBarController */,
			);
			path = ThirdPath;
			sourceTree = "<group>";
		};
		188AADF620DCD596006FDCCA /* ESTabBarController */ = {
			isa = PBXGroup;
			children = (
				188AADF720DCD596006FDCCA /* Localizable.strings */,
				188AADF920DCD596006FDCCA /* ESTabBarItemMoreContentView.swift */,
				188AADFA20DCD596006FDCCA /* ESTabBarController.swift */,
				188AADFB20DCD596006FDCCA /* ESTabBarItemContentView.swift */,
				188AADFC20DCD596006FDCCA /* ESTabBarItem.swift */,
				188AADFD20DCD596006FDCCA /* ESTabBarItemBadgeView.swift */,
				188AADFE20DCD596006FDCCA /* ESTabBar.swift */,
				188AADFF20DCD596006FDCCA /* ESTabBarItemContainer.swift */,
			);
			path = ESTabBarController;
			sourceTree = "<group>";
		};
		A5C7C2F7424176395B905B2D /* Frameworks */ = {
			isa = PBXGroup;
			children = (
				188AADE620DCD1F9006FDCCA /* Alamofire.framework */,
				188AADE720DCD1F9006FDCCA /* ESTabBarController.framework */,
				188AADE820DCD1F9006FDCCA /* HandyJSON.framework */,
				188AADE920DCD1F9006FDCCA /* Kingfisher.framework */,
				188AADEA20DCD1F9006FDCCA /* Moya.framework */,
				188AADEB20DCD1F9006FDCCA /* Result.framework */,
				188AADEC20DCD1F9006FDCCA /* SnapKit.framework */,
				188AADED20DCD1F9006FDCCA /* SwiftyJSON.framework */,
				188AADEE20DCD1F9006FDCCA /* Then.framework */,
				5B82AE998C967C4116B0DF0D /* Pods_ALaDinnOfSwift.framework */,
			);
			name = Frameworks;
			sourceTree = "<group>";
		};
		B3290DE2E34A19AA699C7372 /* Pods */ = {
			isa = PBXGroup;
			children = (
				A3540343DCBB6A396E95EF48 /* Pods-ALaDinnOfSwift.debug.xcconfig */,
				4582230832F34EC8A45C5805 /* Pods-ALaDinnOfSwift.release.xcconfig */,
			);
			name = Pods;
			sourceTree = "<group>";
		};
/* End PBXGroup section */

/* Begin PBXNativeTarget section */
		188AADAB20DCD0B3006FDCCA /* ALaDinnOfSwift */ = {
			isa = PBXNativeTarget;
			buildConfigurationList = 188AADD420DCD0B3006FDCCA /* Build configuration list for PBXNativeTarget "ALaDinnOfSwift" */;
			buildPhases = (
				F1DE123D13498B20F872E418 /* [CP] Check Pods Manifest.lock */,
				188AADA820DCD0B3006FDCCA /* Sources */,
				188AADA920DCD0B3006FDCCA /* Frameworks */,
				188AADAA20DCD0B3006FDCCA /* Resources */,
				C366A4189BC9635035C84E42 /* [CP] Embed Pods Frameworks */,
			);
			buildRules = (
			);
			dependencies = (
			);
			name = ALaDinnOfSwift;
			productName = ALaDinnOfSwift;
			productReference = 188AADAC20DCD0B3006FDCCA /* ALaDinnOfSwift.app */;
			productType = "com.apple.product-type.application";
		};
		188AADBF20DCD0B3006FDCCA /* ALaDinnOfSwiftTests */ = {
			isa = PBXNativeTarget;
			buildConfigurationList = 188AADD720DCD0B3006FDCCA /* Build configuration list for PBXNativeTarget "ALaDinnOfSwiftTests" */;
			buildPhases = (
				188AADBC20DCD0B3006FDCCA /* Sources */,
				188AADBD20DCD0B3006FDCCA /* Frameworks */,
				188AADBE20DCD0B3006FDCCA /* Resources */,
			);
			buildRules = (
			);
			dependencies = (
				188AADC220DCD0B3006FDCCA /* PBXTargetDependency */,
			);
			name = ALaDinnOfSwiftTests;
			productName = ALaDinnOfSwiftTests;
			productReference = 188AADC020DCD0B3006FDCCA /* ALaDinnOfSwiftTests.xctest */;
			productType = "com.apple.product-type.bundle.unit-test";
		};
		188AADCA20DCD0B3006FDCCA /* ALaDinnOfSwiftUITests */ = {
			isa = PBXNativeTarget;
			buildConfigurationList = 188AADDA20DCD0B3006FDCCA /* Build configuration list for PBXNativeTarget "ALaDinnOfSwiftUITests" */;
			buildPhases = (
				188AADC720DCD0B3006FDCCA /* Sources */,
				188AADC820DCD0B3006FDCCA /* Frameworks */,
				188AADC920DCD0B3006FDCCA /* Resources */,
			);
			buildRules = (
			);
			dependencies = (
				188AADCD20DCD0B3006FDCCA /* PBXTargetDependency */,
			);
			name = ALaDinnOfSwiftUITests;
			productName = ALaDinnOfSwiftUITests;
			productReference = 188AADCB20DCD0B3006FDCCA /* ALaDinnOfSwiftUITests.xctest */;
			productType = "com.apple.product-type.bundle.ui-testing";
		};
/* End PBXNativeTarget section */

/* Begin PBXProject section */
		188AADA420DCD0B3006FDCCA /* Project object */ = {
			isa = PBXProject;
			attributes = {
				LastSwiftUpdateCheck = 0920;
				LastUpgradeCheck = 0920;
				ORGANIZATIONNAME = SLKJ;
				TargetAttributes = {
					188AADAB20DCD0B3006FDCCA = {
						CreatedOnToolsVersion = 9.2;
						ProvisioningStyle = Automatic;
					};
					188AADBF20DCD0B3006FDCCA = {
						CreatedOnToolsVersion = 9.2;
						ProvisioningStyle = Automatic;
						TestTargetID = 188AADAB20DCD0B3006FDCCA;
					};
					188AADCA20DCD0B3006FDCCA = {
						CreatedOnToolsVersion = 9.2;
						ProvisioningStyle = Automatic;
						TestTargetID = 188AADAB20DCD0B3006FDCCA;
					};
				};
			};
			buildConfigurationList = 188AADA720DCD0B3006FDCCA /* Build configuration list for PBXProject "ALaDinnOfSwift" */;
			compatibilityVersion = "Xcode 8.0";
			developmentRegion = en;
			hasScannedForEncodings = 0;
			knownRegions = (
				en,
				Base,
			);
			mainGroup = 188AADA320DCD0B3006FDCCA;
			productRefGroup = 188AADAD20DCD0B3006FDCCA /* Products */;
			projectDirPath = "";
			projectRoot = "";
			targets = (
				188AADAB20DCD0B3006FDCCA /* ALaDinnOfSwift */,
				188AADBF20DCD0B3006FDCCA /* ALaDinnOfSwiftTests */,
				188AADCA20DCD0B3006FDCCA /* ALaDinnOfSwiftUITests */,
			);
		};
/* End PBXProject section */

/* Begin PBXResourcesBuildPhase section */
		188AADAA20DCD0B3006FDCCA /* Resources */ = {
			isa = PBXResourcesBuildPhase;
			buildActionMask = 2147483647;
			files = (
				188AADBA20DCD0B3006FDCCA /* LaunchScreen.storyboard in Resources */,
				188AAE0020DCD596006FDCCA /* Localizable.strings in Resources */,
				188AADB720DCD0B3006FDCCA /* Assets.xcassets in Resources */,
				188AADB520DCD0B3006FDCCA /* Main.storyboard in Resources */,
			);
			runOnlyForDeploymentPostprocessing = 0;
		};
		188AADBE20DCD0B3006FDCCA /* Resources */ = {
			isa = PBXResourcesBuildPhase;
			buildActionMask = 2147483647;
			files = (
			);
			runOnlyForDeploymentPostprocessing = 0;
		};
		188AADC920DCD0B3006FDCCA /* Resources */ = {
			isa = PBXResourcesBuildPhase;
			buildActionMask = 2147483647;
			files = (
			);
			runOnlyForDeploymentPostprocessing = 0;
		};
/* End PBXResourcesBuildPhase section */

/* Begin PBXShellScriptBuildPhase section */
		C366A4189BC9635035C84E42 /* [CP] Embed Pods Frameworks */ = {
			isa = PBXShellScriptBuildPhase;
			buildActionMask = 2147483647;
			files = (
			);
			inputPaths = (
				"${SRCROOT}/Pods/Target Support Files/Pods-ALaDinnOfSwift/Pods-ALaDinnOfSwift-frameworks.sh",
				"${BUILT_PRODUCTS_DIR}/Alamofire/Alamofire.framework",
				"${BUILT_PRODUCTS_DIR}/HandyJSON/HandyJSON.framework",
				"${BUILT_PRODUCTS_DIR}/Kingfisher/Kingfisher.framework",
				"${BUILT_PRODUCTS_DIR}/Moya/Moya.framework",
				"${BUILT_PRODUCTS_DIR}/Result/Result.framework",
				"${BUILT_PRODUCTS_DIR}/SnapKit/SnapKit.framework",
				"${BUILT_PRODUCTS_DIR}/SwiftyJSON/SwiftyJSON.framework",
				"${BUILT_PRODUCTS_DIR}/Then/Then.framework",
			);
			name = "[CP] Embed Pods Frameworks";
			outputPaths = (
				"${TARGET_BUILD_DIR}/${FRAMEWORKS_FOLDER_PATH}/Alamofire.framework",
				"${TARGET_BUILD_DIR}/${FRAMEWORKS_FOLDER_PATH}/HandyJSON.framework",
				"${TARGET_BUILD_DIR}/${FRAMEWORKS_FOLDER_PATH}/Kingfisher.framework",
				"${TARGET_BUILD_DIR}/${FRAMEWORKS_FOLDER_PATH}/Moya.framework",
				"${TARGET_BUILD_DIR}/${FRAMEWORKS_FOLDER_PATH}/Result.framework",
				"${TARGET_BUILD_DIR}/${FRAMEWORKS_FOLDER_PATH}/SnapKit.framework",
				"${TARGET_BUILD_DIR}/${FRAMEWORKS_FOLDER_PATH}/SwiftyJSON.framework",
				"${TARGET_BUILD_DIR}/${FRAMEWORKS_FOLDER_PATH}/Then.framework",
			);
			runOnlyForDeploymentPostprocessing = 0;
			shellPath = /bin/sh;
			shellScript = "\"${SRCROOT}/Pods/Target Support Files/Pods-ALaDinnOfSwift/Pods-ALaDinnOfSwift-frameworks.sh\"\n";
			showEnvVarsInLog = 0;
		};
		F1DE123D13498B20F872E418 /* [CP] Check Pods Manifest.lock */ = {
			isa = PBXShellScriptBuildPhase;
			buildActionMask = 2147483647;
			files = (
			);
			inputPaths = (
				"${PODS_PODFILE_DIR_PATH}/Podfile.lock",
				"${PODS_ROOT}/Manifest.lock",
			);
			name = "[CP] Check Pods Manifest.lock";
			outputPaths = (
				"$(DERIVED_FILE_DIR)/Pods-ALaDinnOfSwift-checkManifestLockResult.txt",
			);
			runOnlyForDeploymentPostprocessing = 0;
			shellPath = /bin/sh;
			shellScript = "diff \"${PODS_PODFILE_DIR_PATH}/Podfile.lock\" \"${PODS_ROOT}/Manifest.lock\" > /dev/null\nif [ $? != 0 ] ; then\n    # print error to STDERR\n    echo \"error: The sandbox is not in sync with the Podfile.lock. Run 'pod install' or update your CocoaPods installation.\" >&2\n    exit 1\nfi\n# This output is used by Xcode 'outputs' to avoid re-running this script phase.\necho \"SUCCESS\" > \"${SCRIPT_OUTPUT_FILE_0}\"\n";
			showEnvVarsInLog = 0;
		};
/* End PBXShellScriptBuildPhase section */

/* Begin PBXSourcesBuildPhase section */
		188AADA820DCD0B3006FDCCA /* Sources */ = {
			isa = PBXSourcesBuildPhase;
			buildActionMask = 2147483647;
			files = (
				188AADF220DCD452006FDCCA /* ExampleNavigationController.swift in Sources */,
				188AAE0620DCD596006FDCCA /* ESTabBar.swift in Sources */,
				188AAE0320DCD596006FDCCA /* ESTabBarItemContentView.swift in Sources */,
				188AAE0220DCD596006FDCCA /* ESTabBarController.swift in Sources */,
				188AAE0520DCD596006FDCCA /* ESTabBarItemBadgeView.swift in Sources */,
				188AADB220DCD0B3006FDCCA /* ViewController.swift in Sources */,
				188AAE0120DCD596006FDCCA /* ESTabBarItemMoreContentView.swift in Sources */,
				188AADB020DCD0B3006FDCCA /* AppDelegate.swift in Sources */,
				188AAE0720DCD596006FDCCA /* ESTabBarItemContainer.swift in Sources */,
				188AADF020DCD388006FDCCA /* TabbarConfiger.swift in Sources */,
				188AAE0420DCD596006FDCCA /* ESTabBarItem.swift in Sources */,
				188AAE0920DCD60E006FDCCA /* ExampleBasicContentView.swift in Sources */,
				188AADF420DCD46C006FDCCA /* ExampleViewController.swift in Sources */,
			);
			runOnlyForDeploymentPostprocessing = 0;
		};
		188AADBC20DCD0B3006FDCCA /* Sources */ = {
			isa = PBXSourcesBuildPhase;
			buildActionMask = 2147483647;
			files = (
				188AADC520DCD0B3006FDCCA /* ALaDinnOfSwiftTests.swift in Sources */,
			);
			runOnlyForDeploymentPostprocessing = 0;
		};
		188AADC720DCD0B3006FDCCA /* Sources */ = {
			isa = PBXSourcesBuildPhase;
			buildActionMask = 2147483647;
			files = (
				188AADD020DCD0B3006FDCCA /* ALaDinnOfSwiftUITests.swift in Sources */,
			);
			runOnlyForDeploymentPostprocessing = 0;
		};
/* End PBXSourcesBuildPhase section */

/* Begin PBXTargetDependency section */
		188AADC220DCD0B3006FDCCA /* PBXTargetDependency */ = {
			isa = PBXTargetDependency;
			target = 188AADAB20DCD0B3006FDCCA /* ALaDinnOfSwift */;
			targetProxy = 188AADC120DCD0B3006FDCCA /* PBXContainerItemProxy */;
		};
		188AADCD20DCD0B3006FDCCA /* PBXTargetDependency */ = {
			isa = PBXTargetDependency;
			target = 188AADAB20DCD0B3006FDCCA /* ALaDinnOfSwift */;
			targetProxy = 188AADCC20DCD0B3006FDCCA /* PBXContainerItemProxy */;
		};
/* End PBXTargetDependency section */

/* Begin PBXVariantGroup section */
		188AADB320DCD0B3006FDCCA /* Main.storyboard */ = {
			isa = PBXVariantGroup;
			children = (
				188AADB420DCD0B3006FDCCA /* Base */,
			);
			name = Main.storyboard;
			sourceTree = "<group>";
		};
		188AADB820DCD0B3006FDCCA /* LaunchScreen.storyboard */ = {
			isa = PBXVariantGroup;
			children = (
				188AADB920DCD0B3006FDCCA /* Base */,
			);
			name = LaunchScreen.storyboard;
			sourceTree = "<group>";
		};
		188AADF720DCD596006FDCCA /* Localizable.strings */ = {
			isa = PBXVariantGroup;
			children = (
				188AADF820DCD596006FDCCA /* en */,
			);
			name = Localizable.strings;
			sourceTree = "<group>";
		};
/* End PBXVariantGroup section */

/* Begin XCBuildConfiguration section */
		188AADD220DCD0B3006FDCCA /* Debug */ = {
			isa = XCBuildConfiguration;
			buildSettings = {
				ALWAYS_SEARCH_USER_PATHS = NO;
				CLANG_ANALYZER_NONNULL = YES;
				CLANG_ANALYZER_NUMBER_OBJECT_CONVERSION = YES_AGGRESSIVE;
				CLANG_CXX_LANGUAGE_STANDARD = "gnu++14";
				CLANG_CXX_LIBRARY = "libc++";
				CLANG_ENABLE_MODULES = YES;
				CLANG_ENABLE_OBJC_ARC = YES;
				CLANG_WARN_BLOCK_CAPTURE_AUTORELEASING = YES;
				CLANG_WARN_BOOL_CONVERSION = YES;
				CLANG_WARN_COMMA = YES;
				CLANG_WARN_CONSTANT_CONVERSION = YES;
				CLANG_WARN_DIRECT_OBJC_ISA_USAGE = YES_ERROR;
				CLANG_WARN_DOCUMENTATION_COMMENTS = YES;
				CLANG_WARN_EMPTY_BODY = YES;
				CLANG_WARN_ENUM_CONVERSION = YES;
				CLANG_WARN_INFINITE_RECURSION = YES;
				CLANG_WARN_INT_CONVERSION = YES;
				CLANG_WARN_NON_LITERAL_NULL_CONVERSION = YES;
				CLANG_WARN_OBJC_LITERAL_CONVERSION = YES;
				CLANG_WARN_OBJC_ROOT_CLASS = YES_ERROR;
				CLANG_WARN_RANGE_LOOP_ANALYSIS = YES;
				CLANG_WARN_STRICT_PROTOTYPES = YES;
				CLANG_WARN_SUSPICIOUS_MOVE = YES;
				CLANG_WARN_UNGUARDED_AVAILABILITY = YES_AGGRESSIVE;
				CLANG_WARN_UNREACHABLE_CODE = YES;
				CLANG_WARN__DUPLICATE_METHOD_MATCH = YES;
				CODE_SIGN_IDENTITY = "iPhone Developer";
				COPY_PHASE_STRIP = NO;
				DEBUG_INFORMATION_FORMAT = dwarf;
				ENABLE_STRICT_OBJC_MSGSEND = YES;
				ENABLE_TESTABILITY = YES;
				GCC_C_LANGUAGE_STANDARD = gnu11;
				GCC_DYNAMIC_NO_PIC = NO;
				GCC_NO_COMMON_BLOCKS = YES;
				GCC_OPTIMIZATION_LEVEL = 0;
				GCC_PREPROCESSOR_DEFINITIONS = (
					"DEBUG=1",
					"$(inherited)",
				);
				GCC_WARN_64_TO_32_BIT_CONVERSION = YES;
				GCC_WARN_ABOUT_RETURN_TYPE = YES_ERROR;
				GCC_WARN_UNDECLARED_SELECTOR = YES;
				GCC_WARN_UNINITIALIZED_AUTOS = YES_AGGRESSIVE;
				GCC_WARN_UNUSED_FUNCTION = YES;
				GCC_WARN_UNUSED_VARIABLE = YES;
				IPHONEOS_DEPLOYMENT_TARGET = 11.2;
				MTL_ENABLE_DEBUG_INFO = YES;
				ONLY_ACTIVE_ARCH = YES;
				SDKROOT = iphoneos;
				SWIFT_ACTIVE_COMPILATION_CONDITIONS = DEBUG;
				SWIFT_OPTIMIZATION_LEVEL = "-Onone";
			};
			name = Debug;
		};
		188AADD320DCD0B3006FDCCA /* Release */ = {
			isa = XCBuildConfiguration;
			buildSettings = {
				ALWAYS_SEARCH_USER_PATHS = NO;
				CLANG_ANALYZER_NONNULL = YES;
				CLANG_ANALYZER_NUMBER_OBJECT_CONVERSION = YES_AGGRESSIVE;
				CLANG_CXX_LANGUAGE_STANDARD = "gnu++14";
				CLANG_CXX_LIBRARY = "libc++";
				CLANG_ENABLE_MODULES = YES;
				CLANG_ENABLE_OBJC_ARC = YES;
				CLANG_WARN_BLOCK_CAPTURE_AUTORELEASING = YES;
				CLANG_WARN_BOOL_CONVERSION = YES;
				CLANG_WARN_COMMA = YES;
				CLANG_WARN_CONSTANT_CONVERSION = YES;
				CLANG_WARN_DIRECT_OBJC_ISA_USAGE = YES_ERROR;
				CLANG_WARN_DOCUMENTATION_COMMENTS = YES;
				CLANG_WARN_EMPTY_BODY = YES;
				CLANG_WARN_ENUM_CONVERSION = YES;
				CLANG_WARN_INFINITE_RECURSION = YES;
				CLANG_WARN_INT_CONVERSION = YES;
				CLANG_WARN_NON_LITERAL_NULL_CONVERSION = YES;
				CLANG_WARN_OBJC_LITERAL_CONVERSION = YES;
				CLANG_WARN_OBJC_ROOT_CLASS = YES_ERROR;
				CLANG_WARN_RANGE_LOOP_ANALYSIS = YES;
				CLANG_WARN_STRICT_PROTOTYPES = YES;
				CLANG_WARN_SUSPICIOUS_MOVE = YES;
				CLANG_WARN_UNGUARDED_AVAILABILITY = YES_AGGRESSIVE;
				CLANG_WARN_UNREACHABLE_CODE = YES;
				CLANG_WARN__DUPLICATE_METHOD_MATCH = YES;
				CODE_SIGN_IDENTITY = "iPhone Developer";
				COPY_PHASE_STRIP = NO;
				DEBUG_INFORMATION_FORMAT = "dwarf-with-dsym";
				ENABLE_NS_ASSERTIONS = NO;
				ENABLE_STRICT_OBJC_MSGSEND = YES;
				GCC_C_LANGUAGE_STANDARD = gnu11;
				GCC_NO_COMMON_BLOCKS = YES;
				GCC_WARN_64_TO_32_BIT_CONVERSION = YES;
				GCC_WARN_ABOUT_RETURN_TYPE = YES_ERROR;
				GCC_WARN_UNDECLARED_SELECTOR = YES;
				GCC_WARN_UNINITIALIZED_AUTOS = YES_AGGRESSIVE;
				GCC_WARN_UNUSED_FUNCTION = YES;
				GCC_WARN_UNUSED_VARIABLE = YES;
				IPHONEOS_DEPLOYMENT_TARGET = 11.2;
				MTL_ENABLE_DEBUG_INFO = NO;
				SDKROOT = iphoneos;
				SWIFT_OPTIMIZATION_LEVEL = "-Owholemodule";
				VALIDATE_PRODUCT = YES;
			};
			name = Release;
		};
		188AADD520DCD0B3006FDCCA /* Debug */ = {
			isa = XCBuildConfiguration;
			baseConfigurationReference = A3540343DCBB6A396E95EF48 /* Pods-ALaDinnOfSwift.debug.xcconfig */;
			buildSettings = {
				ASSETCATALOG_COMPILER_APPICON_NAME = AppIcon;
				CODE_SIGN_STYLE = Automatic;
				INFOPLIST_FILE = ALaDinnOfSwift/Info.plist;
				IPHONEOS_DEPLOYMENT_TARGET = 9.0;
				LD_RUNPATH_SEARCH_PATHS = "$(inherited) @executable_path/Frameworks";
				PRODUCT_BUNDLE_IDENTIFIER = com.slkj.ALaDinnOfSwift;
				PRODUCT_NAME = "$(TARGET_NAME)";
				SWIFT_VERSION = 4.0;
				TARGETED_DEVICE_FAMILY = "1,2";
				USER_HEADER_SEARCH_PATHS = "$(SRCROOT)";
			};
			name = Debug;
		};
		188AADD620DCD0B3006FDCCA /* Release */ = {
			isa = XCBuildConfiguration;
			baseConfigurationReference = 4582230832F34EC8A45C5805 /* Pods-ALaDinnOfSwift.release.xcconfig */;
			buildSettings = {
				ASSETCATALOG_COMPILER_APPICON_NAME = AppIcon;
				CODE_SIGN_STYLE = Automatic;
				INFOPLIST_FILE = ALaDinnOfSwift/Info.plist;
				IPHONEOS_DEPLOYMENT_TARGET = 9.0;
				LD_RUNPATH_SEARCH_PATHS = "$(inherited) @executable_path/Frameworks";
				PRODUCT_BUNDLE_IDENTIFIER = com.slkj.ALaDinnOfSwift;
				PRODUCT_NAME = "$(TARGET_NAME)";
				SWIFT_VERSION = 4.0;
				TARGETED_DEVICE_FAMILY = "1,2";
				USER_HEADER_SEARCH_PATHS = "$(SRCROOT)";
			};
			name = Release;
		};
		188AADD820DCD0B3006FDCCA /* Debug */ = {
			isa = XCBuildConfiguration;
			buildSettings = {
				ALWAYS_EMBED_SWIFT_STANDARD_LIBRARIES = YES;
				BUNDLE_LOADER = "$(TEST_HOST)";
				CODE_SIGN_STYLE = Automatic;
				INFOPLIST_FILE = ALaDinnOfSwiftTests/Info.plist;
				LD_RUNPATH_SEARCH_PATHS = "$(inherited) @executable_path/Frameworks @loader_path/Frameworks";
				PRODUCT_BUNDLE_IDENTIFIER = com.slkj.ALaDinnOfSwiftTests;
				PRODUCT_NAME = "$(TARGET_NAME)";
				SWIFT_VERSION = 4.0;
				TARGETED_DEVICE_FAMILY = "1,2";
				TEST_HOST = "$(BUILT_PRODUCTS_DIR)/ALaDinnOfSwift.app/ALaDinnOfSwift";
			};
			name = Debug;
		};
		188AADD920DCD0B3006FDCCA /* Release */ = {
			isa = XCBuildConfiguration;
			buildSettings = {
				ALWAYS_EMBED_SWIFT_STANDARD_LIBRARIES = YES;
				BUNDLE_LOADER = "$(TEST_HOST)";
				CODE_SIGN_STYLE = Automatic;
				INFOPLIST_FILE = ALaDinnOfSwiftTests/Info.plist;
				LD_RUNPATH_SEARCH_PATHS = "$(inherited) @executable_path/Frameworks @loader_path/Frameworks";
				PRODUCT_BUNDLE_IDENTIFIER = com.slkj.ALaDinnOfSwiftTests;
				PRODUCT_NAME = "$(TARGET_NAME)";
				SWIFT_VERSION = 4.0;
				TARGETED_DEVICE_FAMILY = "1,2";
				TEST_HOST = "$(BUILT_PRODUCTS_DIR)/ALaDinnOfSwift.app/ALaDinnOfSwift";
			};
			name = Release;
		};
		188AADDB20DCD0B3006FDCCA /* Debug */ = {
			isa = XCBuildConfiguration;
			buildSettings = {
				ALWAYS_EMBED_SWIFT_STANDARD_LIBRARIES = YES;
				CODE_SIGN_STYLE = Automatic;
				INFOPLIST_FILE = ALaDinnOfSwiftUITests/Info.plist;
				LD_RUNPATH_SEARCH_PATHS = "$(inherited) @executable_path/Frameworks @loader_path/Frameworks";
				PRODUCT_BUNDLE_IDENTIFIER = com.slkj.ALaDinnOfSwiftUITests;
				PRODUCT_NAME = "$(TARGET_NAME)";
				SWIFT_VERSION = 4.0;
				TARGETED_DEVICE_FAMILY = "1,2";
				TEST_TARGET_NAME = ALaDinnOfSwift;
			};
			name = Debug;
		};
		188AADDC20DCD0B3006FDCCA /* Release */ = {
			isa = XCBuildConfiguration;
			buildSettings = {
				ALWAYS_EMBED_SWIFT_STANDARD_LIBRARIES = YES;
				CODE_SIGN_STYLE = Automatic;
				INFOPLIST_FILE = ALaDinnOfSwiftUITests/Info.plist;
				LD_RUNPATH_SEARCH_PATHS = "$(inherited) @executable_path/Frameworks @loader_path/Frameworks";
				PRODUCT_BUNDLE_IDENTIFIER = com.slkj.ALaDinnOfSwiftUITests;
				PRODUCT_NAME = "$(TARGET_NAME)";
				SWIFT_VERSION = 4.0;
				TARGETED_DEVICE_FAMILY = "1,2";
				TEST_TARGET_NAME = ALaDinnOfSwift;
			};
			name = Release;
		};
/* End XCBuildConfiguration section */

/* Begin XCConfigurationList section */
		188AADA720DCD0B3006FDCCA /* Build configuration list for PBXProject "ALaDinnOfSwift" */ = {
			isa = XCConfigurationList;
			buildConfigurations = (
				188AADD220DCD0B3006FDCCA /* Debug */,
				188AADD320DCD0B3006FDCCA /* Release */,
			);
			defaultConfigurationIsVisible = 0;
			defaultConfigurationName = Release;
		};
		188AADD420DCD0B3006FDCCA /* Build configuration list for PBXNativeTarget "ALaDinnOfSwift" */ = {
			isa = XCConfigurationList;
			buildConfigurations = (
				188AADD520DCD0B3006FDCCA /* Debug */,
				188AADD620DCD0B3006FDCCA /* Release */,
			);
			defaultConfigurationIsVisible = 0;
			defaultConfigurationName = Release;
		};
		188AADD720DCD0B3006FDCCA /* Build configuration list for PBXNativeTarget "ALaDinnOfSwiftTests" */ = {
			isa = XCConfigurationList;
			buildConfigurations = (
				188AADD820DCD0B3006FDCCA /* Debug */,
				188AADD920DCD0B3006FDCCA /* Release */,
			);
			defaultConfigurationIsVisible = 0;
			defaultConfigurationName = Release;
		};
		188AADDA20DCD0B3006FDCCA /* Build configuration list for PBXNativeTarget "ALaDinnOfSwiftUITests" */ = {
			isa = XCConfigurationList;
			buildConfigurations = (
				188AADDB20DCD0B3006FDCCA /* Debug */,
				188AADDC20DCD0B3006FDCCA /* Release */,
			);
			defaultConfigurationIsVisible = 0;
			defaultConfigurationName = Release;
		};
/* End XCConfigurationList section */
	};
	rootObject = 188AADA420DCD0B3006FDCCA /* Project object */;
}
